
Microsoft Visual Studio Solution File, Format Version 12.00
# Visual Studio Version 17
VisualStudioVersion = 17.8.34330.188
MinimumVisualStudioVersion = 10.0.40219.1
Project("{2150E333-8FDC-42A3-9474-1A3956D46DE8}") = "MessageBroker", "MessageBroker", "{E65DE749-1526-4A35-94E4-8D2B6B112896}"
EndProject
Project("{2150E333-8FDC-42A3-9474-1A3956D46DE8}") = "RabbitMQ", "RabbitMQ", "{015746AF-5673-4E91-A442-DF42EC764F25}"
EndProject
Project("{2150E333-8FDC-42A3-9474-1A3956D46DE8}") = "RabbitMQ.Consumer", "RabbitMQ.Consumer", "{B625980F-7746-4882-B207-B106192AC3E2}"
EndProject
Project("{2150E333-8FDC-42A3-9474-1A3956D46DE8}") = "RabbitMQ.Publisher", "RabbitMQ.Publisher", "{08CCBF02-DBE4-4436-8E99-D4BA35C9B5CD}"
EndProject
Project("{2150E333-8FDC-42A3-9474-1A3956D46DE8}") = "Programming", "Programming", "{E317C0EC-9FE3-4DA3-8772-51773B44C98C}"
EndProject
Project("{2150E333-8FDC-42A3-9474-1A3956D46DE8}") = "RangeIndex", "RangeIndex", "{DD1201A7-807D-4E51-BDA1-7EA024DC93E6}"
EndProject
Project("{2150E333-8FDC-42A3-9474-1A3956D46DE8}") = "PatternMatching", "PatternMatching", "{05A63E2A-B1DA-4C3D-A2DF-17EBDE565BFE}"
EndProject
Project("{2150E333-8FDC-42A3-9474-1A3956D46DE8}") = "DependencyInjection", "DependencyInjection", "{C48FEC90-DE94-4F5E-A7DD-E16B7B5C40FC}"
EndProject
Project("{2150E333-8FDC-42A3-9474-1A3956D46DE8}") = "ImplictExplict", "ImplictExplict", "{2F43A9AF-3CBD-4C7F-90A4-3B61898AC321}"
EndProject
Project("{2150E333-8FDC-42A3-9474-1A3956D46DE8}") = "FunctionalProgramming", "FunctionalProgramming", "{29389B86-728C-4A2D-B728-4F026CE86E97}"
EndProject
Project("{2150E333-8FDC-42A3-9474-1A3956D46DE8}") = "ExceptionHandlingMiddlewares", "ExceptionHandlingMiddlewares", "{56650329-9B03-47D3-9C57-D2C50CA79FC5}"
EndProject
Project("{2150E333-8FDC-42A3-9474-1A3956D46DE8}") = "Database", "Database", "{16DC50AB-FE13-4603-9877-E46E09B6A310}"
EndProject
Project("{2150E333-8FDC-42A3-9474-1A3956D46DE8}") = "RedisCacheExample", "RedisCacheExample", "{A100901D-D099-49F7-8155-6C9F239B508B}"
EndProject
Project("{FAE04EC0-301F-11D3-BF4B-00C04F79EFBC}") = "Distributed.Caching", "Database\RedisCacheExample\Distributed.Caching\Distributed.Caching.csproj", "{358F8786-3613-443C-8BE4-468B62DE8D46}"
EndProject
Project("{FAE04EC0-301F-11D3-BF4B-00C04F79EFBC}") = "InMemory.Caching", "Database\RedisCacheExample\InMemory.Caching\InMemory.Caching.csproj", "{C7FB1A0F-4C29-446C-A9D6-7AE5AC631767}"
EndProject
Project("{FAE04EC0-301F-11D3-BF4B-00C04F79EFBC}") = "Redis.Sentinel", "Database\RedisCacheExample\Redis.Sentinel\Redis.Sentinel.csproj", "{1BB7ECB5-B46F-4A7F-8529-842CD2567576}"
EndProject
Project("{FAE04EC0-301F-11D3-BF4B-00C04F79EFBC}") = "Redis.Pub.Sub.Example", "Database\RedisCacheExample\Redis.Pub.Sub.Example\Redis.Pub.Sub.Example.csproj", "{2DEF5DA7-2E14-4269-8792-5E91CD695D19}"
EndProject
Project("{FAE04EC0-301F-11D3-BF4B-00C04F79EFBC}") = "Redis.Pub.Sub.Subscriber.Example", "Database\RedisCacheExample\Redis.Pub.Sub.Subscriber.Example\Redis.Pub.Sub.Subscriber.Example.csproj", "{3E9D09C9-2C5C-4D47-941D-7405C6F49173}"
EndProject
Project("{FAE04EC0-301F-11D3-BF4B-00C04F79EFBC}") = "RabbitMQ", "MessageBroker\RabbitMQ\RabbitMQ.csproj", "{704A9254-C377-41FD-8627-88B9E52FAD1E}"
EndProject
Project("{FAE04EC0-301F-11D3-BF4B-00C04F79EFBC}") = "RabbitMQ.Consumer", "MessageBroker\RabbitMQ.Consumer\RabbitMQ.Consumer.csproj", "{4C78DC72-97E8-4444-87D8-8078354C5FA2}"
EndProject
Project("{FAE04EC0-301F-11D3-BF4B-00C04F79EFBC}") = "RabbitMQ.Publisher", "MessageBroker\RabbitMQ.Publisher\RabbitMQ.Publisher.csproj", "{E10ECCB2-7BAD-4DC3-A043-BA8F26FBE2DF}"
EndProject
Project("{FAE04EC0-301F-11D3-BF4B-00C04F79EFBC}") = "DependencyInjection", "Programming\DependencyInjection\DependencyInjection.csproj", "{F2CC286A-3C3B-4982-A13B-CD31B1698F20}"
EndProject
Project("{FAE04EC0-301F-11D3-BF4B-00C04F79EFBC}") = "ExceptionHandlingMiddleware", "Programming\ExceptionHandlingMiddleware\ExceptionHandlingMiddleware.csproj", "{785DABA9-0FAE-460F-B734-08BCA614811D}"
EndProject
Project("{FAE04EC0-301F-11D3-BF4B-00C04F79EFBC}") = "FunctionalProgramming", "Programming\FunctionalProgramming\FunctionalProgramming.csproj", "{1B7AD195-B312-4491-91BC-68686DA7EBDC}"
EndProject
Project("{FAE04EC0-301F-11D3-BF4B-00C04F79EFBC}") = "ImplictExplict", "Programming\ImplictExplict\ImplictExplict.csproj", "{9834807A-0D63-4B62-A1C2-8B8DF2AAFD9C}"
EndProject
Project("{FAE04EC0-301F-11D3-BF4B-00C04F79EFBC}") = "PatternMatching", "Programming\PatternMatching\PatternMatching.csproj", "{ADDF32BB-9DFD-4B5A-A6AD-94C6A2B2307A}"
EndProject
Project("{FAE04EC0-301F-11D3-BF4B-00C04F79EFBC}") = "RangeIndex", "Programming\RangeIndex\RangeIndex.csproj", "{2BAB386A-8A51-450F-828D-A9EDAC87DC58}"
EndProject
Global
	GlobalSection(SolutionConfigurationPlatforms) = preSolution
		Debug|Any CPU = Debug|Any CPU
		Release|Any CPU = Release|Any CPU
	EndGlobalSection
	GlobalSection(ProjectConfigurationPlatforms) = postSolution
		{358F8786-3613-443C-8BE4-468B62DE8D46}.Debug|Any CPU.ActiveCfg = Debug|Any CPU
		{358F8786-3613-443C-8BE4-468B62DE8D46}.Debug|Any CPU.Build.0 = Debug|Any CPU
		{358F8786-3613-443C-8BE4-468B62DE8D46}.Release|Any CPU.ActiveCfg = Release|Any CPU
		{358F8786-3613-443C-8BE4-468B62DE8D46}.Release|Any CPU.Build.0 = Release|Any CPU
		{C7FB1A0F-4C29-446C-A9D6-7AE5AC631767}.Debug|Any CPU.ActiveCfg = Debug|Any CPU
		{C7FB1A0F-4C29-446C-A9D6-7AE5AC631767}.Debug|Any CPU.Build.0 = Debug|Any CPU
		{C7FB1A0F-4C29-446C-A9D6-7AE5AC631767}.Release|Any CPU.ActiveCfg = Release|Any CPU
		{C7FB1A0F-4C29-446C-A9D6-7AE5AC631767}.Release|Any CPU.Build.0 = Release|Any CPU
		{1BB7ECB5-B46F-4A7F-8529-842CD2567576}.Debug|Any CPU.ActiveCfg = Debug|Any CPU
		{1BB7ECB5-B46F-4A7F-8529-842CD2567576}.Debug|Any CPU.Build.0 = Debug|Any CPU
		{1BB7ECB5-B46F-4A7F-8529-842CD2567576}.Release|Any CPU.ActiveCfg = Release|Any CPU
		{1BB7ECB5-B46F-4A7F-8529-842CD2567576}.Release|Any CPU.Build.0 = Release|Any CPU
		{2DEF5DA7-2E14-4269-8792-5E91CD695D19}.Debug|Any CPU.ActiveCfg = Debug|Any CPU
		{2DEF5DA7-2E14-4269-8792-5E91CD695D19}.Debug|Any CPU.Build.0 = Debug|Any CPU
		{2DEF5DA7-2E14-4269-8792-5E91CD695D19}.Release|Any CPU.ActiveCfg = Release|Any CPU
		{2DEF5DA7-2E14-4269-8792-5E91CD695D19}.Release|Any CPU.Build.0 = Release|Any CPU
		{3E9D09C9-2C5C-4D47-941D-7405C6F49173}.Debug|Any CPU.ActiveCfg = Debug|Any CPU
		{3E9D09C9-2C5C-4D47-941D-7405C6F49173}.Debug|Any CPU.Build.0 = Debug|Any CPU
		{3E9D09C9-2C5C-4D47-941D-7405C6F49173}.Release|Any CPU.ActiveCfg = Release|Any CPU
		{3E9D09C9-2C5C-4D47-941D-7405C6F49173}.Release|Any CPU.Build.0 = Release|Any CPU
		{704A9254-C377-41FD-8627-88B9E52FAD1E}.Debug|Any CPU.ActiveCfg = Debug|Any CPU
		{704A9254-C377-41FD-8627-88B9E52FAD1E}.Debug|Any CPU.Build.0 = Debug|Any CPU
		{704A9254-C377-41FD-8627-88B9E52FAD1E}.Release|Any CPU.ActiveCfg = Release|Any CPU
		{704A9254-C377-41FD-8627-88B9E52FAD1E}.Release|Any CPU.Build.0 = Release|Any CPU
		{4C78DC72-97E8-4444-87D8-8078354C5FA2}.Debug|Any CPU.ActiveCfg = Debug|Any CPU
		{4C78DC72-97E8-4444-87D8-8078354C5FA2}.Debug|Any CPU.Build.0 = Debug|Any CPU
		{4C78DC72-97E8-4444-87D8-8078354C5FA2}.Release|Any CPU.ActiveCfg = Release|Any CPU
		{4C78DC72-97E8-4444-87D8-8078354C5FA2}.Release|Any CPU.Build.0 = Release|Any CPU
		{E10ECCB2-7BAD-4DC3-A043-BA8F26FBE2DF}.Debug|Any CPU.ActiveCfg = Debug|Any CPU
		{E10ECCB2-7BAD-4DC3-A043-BA8F26FBE2DF}.Debug|Any CPU.Build.0 = Debug|Any CPU
		{E10ECCB2-7BAD-4DC3-A043-BA8F26FBE2DF}.Release|Any CPU.ActiveCfg = Release|Any CPU
		{E10ECCB2-7BAD-4DC3-A043-BA8F26FBE2DF}.Release|Any CPU.Build.0 = Release|Any CPU
		{F2CC286A-3C3B-4982-A13B-CD31B1698F20}.Debug|Any CPU.ActiveCfg = Debug|Any CPU
		{F2CC286A-3C3B-4982-A13B-CD31B1698F20}.Debug|Any CPU.Build.0 = Debug|Any CPU
		{F2CC286A-3C3B-4982-A13B-CD31B1698F20}.Release|Any CPU.ActiveCfg = Release|Any CPU
		{F2CC286A-3C3B-4982-A13B-CD31B1698F20}.Release|Any CPU.Build.0 = Release|Any CPU
		{785DABA9-0FAE-460F-B734-08BCA614811D}.Debug|Any CPU.ActiveCfg = Debug|Any CPU
		{785DABA9-0FAE-460F-B734-08BCA614811D}.Debug|Any CPU.Build.0 = Debug|Any CPU
		{785DABA9-0FAE-460F-B734-08BCA614811D}.Release|Any CPU.ActiveCfg = Release|Any CPU
		{785DABA9-0FAE-460F-B734-08BCA614811D}.Release|Any CPU.Build.0 = Release|Any CPU
		{1B7AD195-B312-4491-91BC-68686DA7EBDC}.Debug|Any CPU.ActiveCfg = Debug|Any CPU
		{1B7AD195-B312-4491-91BC-68686DA7EBDC}.Debug|Any CPU.Build.0 = Debug|Any CPU
		{1B7AD195-B312-4491-91BC-68686DA7EBDC}.Release|Any CPU.ActiveCfg = Release|Any CPU
		{1B7AD195-B312-4491-91BC-68686DA7EBDC}.Release|Any CPU.Build.0 = Release|Any CPU
		{9834807A-0D63-4B62-A1C2-8B8DF2AAFD9C}.Debug|Any CPU.ActiveCfg = Debug|Any CPU
		{9834807A-0D63-4B62-A1C2-8B8DF2AAFD9C}.Debug|Any CPU.Build.0 = Debug|Any CPU
		{9834807A-0D63-4B62-A1C2-8B8DF2AAFD9C}.Release|Any CPU.ActiveCfg = Release|Any CPU
		{9834807A-0D63-4B62-A1C2-8B8DF2AAFD9C}.Release|Any CPU.Build.0 = Release|Any CPU
		{ADDF32BB-9DFD-4B5A-A6AD-94C6A2B2307A}.Debug|Any CPU.ActiveCfg = Debug|Any CPU
		{ADDF32BB-9DFD-4B5A-A6AD-94C6A2B2307A}.Debug|Any CPU.Build.0 = Debug|Any CPU
		{ADDF32BB-9DFD-4B5A-A6AD-94C6A2B2307A}.Release|Any CPU.ActiveCfg = Release|Any CPU
		{ADDF32BB-9DFD-4B5A-A6AD-94C6A2B2307A}.Release|Any CPU.Build.0 = Release|Any CPU
		{2BAB386A-8A51-450F-828D-A9EDAC87DC58}.Debug|Any CPU.ActiveCfg = Debug|Any CPU
		{2BAB386A-8A51-450F-828D-A9EDAC87DC58}.Debug|Any CPU.Build.0 = Debug|Any CPU
		{2BAB386A-8A51-450F-828D-A9EDAC87DC58}.Release|Any CPU.ActiveCfg = Release|Any CPU
		{2BAB386A-8A51-450F-828D-A9EDAC87DC58}.Release|Any CPU.Build.0 = Release|Any CPU
	EndGlobalSection
	GlobalSection(SolutionProperties) = preSolution
		HideSolutionNode = FALSE
	EndGlobalSection
	GlobalSection(NestedProjects) = preSolution
		{015746AF-5673-4E91-A442-DF42EC764F25} = {E65DE749-1526-4A35-94E4-8D2B6B112896}
		{B625980F-7746-4882-B207-B106192AC3E2} = {E65DE749-1526-4A35-94E4-8D2B6B112896}
		{08CCBF02-DBE4-4436-8E99-D4BA35C9B5CD} = {E65DE749-1526-4A35-94E4-8D2B6B112896}
		{DD1201A7-807D-4E51-BDA1-7EA024DC93E6} = {E317C0EC-9FE3-4DA3-8772-51773B44C98C}
		{05A63E2A-B1DA-4C3D-A2DF-17EBDE565BFE} = {E317C0EC-9FE3-4DA3-8772-51773B44C98C}
		{C48FEC90-DE94-4F5E-A7DD-E16B7B5C40FC} = {E317C0EC-9FE3-4DA3-8772-51773B44C98C}
		{2F43A9AF-3CBD-4C7F-90A4-3B61898AC321} = {E317C0EC-9FE3-4DA3-8772-51773B44C98C}
		{29389B86-728C-4A2D-B728-4F026CE86E97} = {E317C0EC-9FE3-4DA3-8772-51773B44C98C}
		{56650329-9B03-47D3-9C57-D2C50CA79FC5} = {E317C0EC-9FE3-4DA3-8772-51773B44C98C}
		{A100901D-D099-49F7-8155-6C9F239B508B} = {16DC50AB-FE13-4603-9877-E46E09B6A310}
		{358F8786-3613-443C-8BE4-468B62DE8D46} = {A100901D-D099-49F7-8155-6C9F239B508B}
		{C7FB1A0F-4C29-446C-A9D6-7AE5AC631767} = {A100901D-D099-49F7-8155-6C9F239B508B}
		{1BB7ECB5-B46F-4A7F-8529-842CD2567576} = {A100901D-D099-49F7-8155-6C9F239B508B}
		{2DEF5DA7-2E14-4269-8792-5E91CD695D19} = {A100901D-D099-49F7-8155-6C9F239B508B}
		{3E9D09C9-2C5C-4D47-941D-7405C6F49173} = {A100901D-D099-49F7-8155-6C9F239B508B}
		{704A9254-C377-41FD-8627-88B9E52FAD1E} = {015746AF-5673-4E91-A442-DF42EC764F25}
		{4C78DC72-97E8-4444-87D8-8078354C5FA2} = {B625980F-7746-4882-B207-B106192AC3E2}
		{E10ECCB2-7BAD-4DC3-A043-BA8F26FBE2DF} = {08CCBF02-DBE4-4436-8E99-D4BA35C9B5CD}
		{F2CC286A-3C3B-4982-A13B-CD31B1698F20} = {C48FEC90-DE94-4F5E-A7DD-E16B7B5C40FC}
		{785DABA9-0FAE-460F-B734-08BCA614811D} = {56650329-9B03-47D3-9C57-D2C50CA79FC5}
		{1B7AD195-B312-4491-91BC-68686DA7EBDC} = {29389B86-728C-4A2D-B728-4F026CE86E97}
		{9834807A-0D63-4B62-A1C2-8B8DF2AAFD9C} = {2F43A9AF-3CBD-4C7F-90A4-3B61898AC321}
		{ADDF32BB-9DFD-4B5A-A6AD-94C6A2B2307A} = {05A63E2A-B1DA-4C3D-A2DF-17EBDE565BFE}
		{2BAB386A-8A51-450F-828D-A9EDAC87DC58} = {DD1201A7-807D-4E51-BDA1-7EA024DC93E6}
	EndGlobalSection
	GlobalSection(ExtensibilityGlobals) = postSolution
		SolutionGuid = {E2CDA399-71F0-40A2-AA94-00740D57ECD0}
	EndGlobalSection
EndGlobal
